
Microsoft Visual Studio Solution File, Format Version 12.00
# Visual Studio Version 16
VisualStudioVersion = 16.0.31702.278
MinimumVisualStudioVersion = 10.0.40219.1
Project("{2150E333-8FDC-42A3-9474-1A3956D46DE8}") = "Services", "Services", "{4F4DAA14-1C9F-4290-A23D-1069037DFE0D}"
EndProject
Project("{2150E333-8FDC-42A3-9474-1A3956D46DE8}") = "Catalog", "Catalog", "{A1007794-0370-4786-8605-B76BA269F923}"
EndProject
Project("{9A19103F-16F7-4668-BE54-9A1E7A4F7556}") = "Catalog.API", "Services\Catalog\Catalog.API\Catalog.API.csproj", "{BBAE5D87-7AAE-4750-AB77-F72329B51073}"
EndProject
Project("{E53339B2-1760-4266-BCC7-CA923CBCF16C}") = "docker-compose", "docker-compose.dcproj", "{D077825B-6847-4ACB-843D-E12166E3ED18}"
EndProject
Project("{2150E333-8FDC-42A3-9474-1A3956D46DE8}") = "Basket", "Basket", "{791A5219-4699-4455-AA0C-46B0A8032642}"
EndProject
Project("{9A19103F-16F7-4668-BE54-9A1E7A4F7556}") = "Basket.API", "Services\Basket\Basket.API\Basket.API.csproj", "{AAD0A6F1-0923-4350-8AD9-C5CE58165A65}"
EndProject
Project("{2150E333-8FDC-42A3-9474-1A3956D46DE8}") = "Discount", "Discount", "{4F764D5B-6A7A-489D-9810-FC207691C0BE}"
EndProject
Project("{9A19103F-16F7-4668-BE54-9A1E7A4F7556}") = "Discount.API", "Services\Discount\Discount.API\Discount.API.csproj", "{E14B3034-81A4-4FDE-BA39-676C5C69DF18}"
EndProject
Project("{9A19103F-16F7-4668-BE54-9A1E7A4F7556}") = "Discount.Grpc", "Services\Discount\Discount.Grpc\Discount.Grpc.csproj", "{1E0B2E26-6DEE-48F1-9707-888507BF9DFC}"
EndProject
Project("{2150E333-8FDC-42A3-9474-1A3956D46DE8}") = "Ordering", "Ordering", "{D10FDB51-6438-4075-90C7-732F5FE35127}"
EndProject
Project("{9A19103F-16F7-4668-BE54-9A1E7A4F7556}") = "Ordering.API", "Services\Ordering\Ordering.API\Ordering.API.csproj", "{8F46304E-FFD5-419B-960F-A6648BB0082C}"
EndProject
Project("{9A19103F-16F7-4668-BE54-9A1E7A4F7556}") = "Ordering.Domain", "Services\Ordering\Ordering.Domain\Ordering.Domain.csproj", "{46E6B482-1122-4AD4-93CE-56B153014866}"
EndProject
Project("{9A19103F-16F7-4668-BE54-9A1E7A4F7556}") = "Ordering.Application", "Services\Ordering\Ordering.Application\Ordering.Application.csproj", "{8C35930C-DE5B-4162-88CC-230D0290E453}"
EndProject
Project("{9A19103F-16F7-4668-BE54-9A1E7A4F7556}") = "Ordering.Infrastructure", "Services\Ordering\Ordering.Infrastructure\Ordering.Infrastructure.csproj", "{A71C764A-BB6E-48D3-BD68-D8C403B6F07F}"
EndProject
Project("{2150E333-8FDC-42A3-9474-1A3956D46DE8}") = "BuildingBlocks", "BuildingBlocks", "{E93791A6-AACE-419B-B1B3-A605BF7EC021}"
EndProject
Global
	GlobalSection(SolutionConfigurationPlatforms) = preSolution
		Debug|Any CPU = Debug|Any CPU
		Release|Any CPU = Release|Any CPU
	EndGlobalSection
	GlobalSection(ProjectConfigurationPlatforms) = postSolution
		{BBAE5D87-7AAE-4750-AB77-F72329B51073}.Debug|Any CPU.ActiveCfg = Debug|Any CPU
		{BBAE5D87-7AAE-4750-AB77-F72329B51073}.Debug|Any CPU.Build.0 = Debug|Any CPU
		{BBAE5D87-7AAE-4750-AB77-F72329B51073}.Release|Any CPU.ActiveCfg = Release|Any CPU
		{BBAE5D87-7AAE-4750-AB77-F72329B51073}.Release|Any CPU.Build.0 = Release|Any CPU
		{D077825B-6847-4ACB-843D-E12166E3ED18}.Debug|Any CPU.ActiveCfg = Debug|Any CPU
		{D077825B-6847-4ACB-843D-E12166E3ED18}.Debug|Any CPU.Build.0 = Debug|Any CPU
		{D077825B-6847-4ACB-843D-E12166E3ED18}.Release|Any CPU.ActiveCfg = Release|Any CPU
		{D077825B-6847-4ACB-843D-E12166E3ED18}.Release|Any CPU.Build.0 = Release|Any CPU
		{AAD0A6F1-0923-4350-8AD9-C5CE58165A65}.Debug|Any CPU.ActiveCfg = Debug|Any CPU
		{AAD0A6F1-0923-4350-8AD9-C5CE58165A65}.Debug|Any CPU.Build.0 = Debug|Any CPU
		{AAD0A6F1-0923-4350-8AD9-C5CE58165A65}.Release|Any CPU.ActiveCfg = Release|Any CPU
		{AAD0A6F1-0923-4350-8AD9-C5CE58165A65}.Release|Any CPU.Build.0 = Release|Any CPU
		{E14B3034-81A4-4FDE-BA39-676C5C69DF18}.Debug|Any CPU.ActiveCfg = Debug|Any CPU
		{E14B3034-81A4-4FDE-BA39-676C5C69DF18}.Debug|Any CPU.Build.0 = Debug|Any CPU
		{E14B3034-81A4-4FDE-BA39-676C5C69DF18}.Release|Any CPU.ActiveCfg = Release|Any CPU
		{E14B3034-81A4-4FDE-BA39-676C5C69DF18}.Release|Any CPU.Build.0 = Release|Any CPU
		{1E0B2E26-6DEE-48F1-9707-888507BF9DFC}.Debug|Any CPU.ActiveCfg = Debug|Any CPU
		{1E0B2E26-6DEE-48F1-9707-888507BF9DFC}.Debug|Any CPU.Build.0 = Debug|Any CPU
		{1E0B2E26-6DEE-48F1-9707-888507BF9DFC}.Release|Any CPU.ActiveCfg = Release|Any CPU
		{1E0B2E26-6DEE-48F1-9707-888507BF9DFC}.Release|Any CPU.Build.0 = Release|Any CPU
		{8F46304E-FFD5-419B-960F-A6648BB0082C}.Debug|Any CPU.ActiveCfg = Debug|Any CPU
		{8F46304E-FFD5-419B-960F-A6648BB0082C}.Debug|Any CPU.Build.0 = Debug|Any CPU
		{8F46304E-FFD5-419B-960F-A6648BB0082C}.Release|Any CPU.ActiveCfg = Release|Any CPU
		{8F46304E-FFD5-419B-960F-A6648BB0082C}.Release|Any CPU.Build.0 = Release|Any CPU
		{46E6B482-1122-4AD4-93CE-56B153014866}.Debug|Any CPU.ActiveCfg = Debug|Any CPU
		{46E6B482-1122-4AD4-93CE-56B153014866}.Debug|Any CPU.Build.0 = Debug|Any CPU
		{46E6B482-1122-4AD4-93CE-56B153014866}.Release|Any CPU.ActiveCfg = Release|Any CPU
		{46E6B482-1122-4AD4-93CE-56B153014866}.Release|Any CPU.Build.0 = Release|Any CPU
		{8C35930C-DE5B-4162-88CC-230D0290E453}.Debug|Any CPU.ActiveCfg = Debug|Any CPU
		{8C35930C-DE5B-4162-88CC-230D0290E453}.Debug|Any CPU.Build.0 = Debug|Any CPU
		{8C35930C-DE5B-4162-88CC-230D0290E453}.Release|Any CPU.ActiveCfg = Release|Any CPU
		{8C35930C-DE5B-4162-88CC-230D0290E453}.Release|Any CPU.Build.0 = Release|Any CPU
		{A71C764A-BB6E-48D3-BD68-D8C403B6F07F}.Debug|Any CPU.ActiveCfg = Debug|Any CPU
		{A71C764A-BB6E-48D3-BD68-D8C403B6F07F}.Debug|Any CPU.Build.0 = Debug|Any CPU
		{A71C764A-BB6E-48D3-BD68-D8C403B6F07F}.Release|Any CPU.ActiveCfg = Release|Any CPU
		{A71C764A-BB6E-48D3-BD68-D8C403B6F07F}.Release|Any CPU.Build.0 = Release|Any CPU
	EndGlobalSection
	GlobalSection(SolutionProperties) = preSolution
		HideSolutionNode = FALSE
	EndGlobalSection
	GlobalSection(NestedProjects) = preSolution
		{A1007794-0370-4786-8605-B76BA269F923} = {4F4DAA14-1C9F-4290-A23D-1069037DFE0D}
		{BBAE5D87-7AAE-4750-AB77-F72329B51073} = {A1007794-0370-4786-8605-B76BA269F923}
		{791A5219-4699-4455-AA0C-46B0A8032642} = {4F4DAA14-1C9F-4290-A23D-1069037DFE0D}
		{AAD0A6F1-0923-4350-8AD9-C5CE58165A65} = {791A5219-4699-4455-AA0C-46B0A8032642}
		{4F764D5B-6A7A-489D-9810-FC207691C0BE} = {4F4DAA14-1C9F-4290-A23D-1069037DFE0D}
		{E14B3034-81A4-4FDE-BA39-676C5C69DF18} = {4F764D5B-6A7A-489D-9810-FC207691C0BE}
		{1E0B2E26-6DEE-48F1-9707-888507BF9DFC} = {4F764D5B-6A7A-489D-9810-FC207691C0BE}
		{D10FDB51-6438-4075-90C7-732F5FE35127} = {4F4DAA14-1C9F-4290-A23D-1069037DFE0D}
		{8F46304E-FFD5-419B-960F-A6648BB0082C} = {D10FDB51-6438-4075-90C7-732F5FE35127}
		{46E6B482-1122-4AD4-93CE-56B153014866} = {D10FDB51-6438-4075-90C7-732F5FE35127}
		{8C35930C-DE5B-4162-88CC-230D0290E453} = {D10FDB51-6438-4075-90C7-732F5FE35127}
		{A71C764A-BB6E-48D3-BD68-D8C403B6F07F} = {D10FDB51-6438-4075-90C7-732F5FE35127}
	EndGlobalSection
	GlobalSection(ExtensibilityGlobals) = postSolution
		SolutionGuid = {053F384B-8F77-4A1F-9740-A033170F25A6}
	EndGlobalSection
EndGlobal
